%{"eredis": {:hex, :eredis, "1.0.8", "ab4fda1c4ba7fbe6c19c26c249dc13da916d762502c4b4fa2df401a8d51c5364", [:rebar], []},
  "exredis": {:hex, :exredis, "0.2.5", "34d02fa9ef32174cbd790b166746f91b3dbc131ce37a2d9a2451e8bba164b423", [:mix], [{:eredis, ">= 1.0.8", [hex: :eredis, optional: false]}]},
  "poolboy": {:hex, :poolboy, "1.5.1", "6b46163901cfd0a1b43d692657ed9d7e599853b3b21b95ae5ae0a777cf9b6ca8", [:rebar], []},
  "redis_connection_pool": {:hex, :redis_connection_pool, "0.1.5", "b5b7d6f572394ca84a59cf340b01077c6f17812969e993c53ceaf2b75d587c4f", [:mix], [{:exredis, ">= 0.2.4", [hex: :exredis, optional: false]}, {:poolboy, "~> 1.5.1", [hex: :poolboy, optional: false]}]}}
